
Microsoft Visual Studio Solution File, Format Version 12.00
# Visual Studio Version 17
VisualStudioVersion = 17.5.002.0
MinimumVisualStudioVersion = 10.0.40219.1
Project("{9A19103F-16F7-4668-BE54-9A1E7A4F7556}") = "AspNetCoreTodo", "AspNetCoreTodo\AspNetCoreTodo.csproj", "{BC02A075-FEBD-45FD-ABDF-4C2EBC6E4ED7}"
EndProject
Global
	GlobalSection(SolutionConfigurationPlatforms) = preSolution
		Debug|Any CPU = Debug|Any CPU
		Release|Any CPU = Release|Any CPU
	EndGlobalSection
	GlobalSection(ProjectConfigurationPlatforms) = postSolution
		{BC02A075-FEBD-45FD-ABDF-4C2EBC6E4ED7}.Debug|Any CPU.ActiveCfg = Debug|Any CPU
		{BC02A075-FEBD-45FD-ABDF-4C2EBC6E4ED7}.Debug|Any CPU.Build.0 = Debug|Any CPU
		{BC02A075-FEBD-45FD-ABDF-4C2EBC6E4ED7}.Release|Any CPU.ActiveCfg = Release|Any CPU
		{BC02A075-FEBD-45FD-ABDF-4C2EBC6E4ED7}.Release|Any CPU.Build.0 = Release|Any CPU
	EndGlobalSection
	GlobalSection(SolutionProperties) = preSolution
		HideSolutionNode = FALSE
	EndGlobalSection
	GlobalSection(ExtensibilityGlobals) = postSolution
		SolutionGuid = {AD4A0E9C-6BF3-4048-9CE5-6E754B78D246}
	EndGlobalSection
EndGlobal
